Microsoft Visual Studio Solution File, Format Version 12.00
# Visual Studio Version 17
VisualStudioVersion = 17.1.32210.238
MinimumVisualStudioVersion = 10.0.40219.1
Project("{2150E333-8FDC-42A3-9474-1A3956D46DE8}") = "MetadataSynchronizers", "MetadataSynchronizers", "{4BDFA0CD-A767-4B6B-A0DC-32FFA660C12D}"
EndProject
Project("{FAE04EC0-301F-11D3-BF4B-00C04F79EFBC}") = "Intent.MetadataSynchronizer", "Intent.MetadataSynchronizer\Intent.MetadataSynchronizer.csproj", "{5FCD4F69-1170-49A5-ACFF-FA761098B928}"
EndProject
Project("{FAE04EC0-301F-11D3-BF4B-00C04F79EFBC}") = "Intent.MetadataSynchronizer.CSharp.CLI", "Intent.MetadataSynchronizer.CSharp.CLI\Intent.MetadataSynchronizer.CSharp.CLI.csproj", "{95BF8FB4-DE39-49EE-AEDF-2127B78E67FF}"
EndProject
Project("{FAE04EC0-301F-11D3-BF4B-00C04F79EFBC}") = "Intent.MetadataSynchronizer.Edmx.CLI", "Intent.MetadataSynchronizer.Edmx.CLI\Intent.MetadataSynchronizer.Edmx.CLI.csproj", "{5E5DE5F0-C4F9-4501-8A43-23442C038A42}"
EndProject
Project("{FAE04EC0-301F-11D3-BF4B-00C04F79EFBC}") = "Intent.MetadataSynchronizer.Java", "Intent.MetadataSynchronizer.Java\Intent.MetadataSynchronizer.Java.csproj", "{2DBAB0F4-C926-4A9F-8B08-F25D33724549}"
EndProject
Project("{FAE04EC0-301F-11D3-BF4B-00C04F79EFBC}") = "Intent.MetadataSynchronizer.Json.CLI", "Intent.MetadataSynchronizer.Json.CLI\Intent.MetadataSynchronizer.Json.CLI.csproj", "{DD11F986-E6DA-4F9B-B0F0-D1C599934DEF}"
EndProject
Project("{FAE04EC0-301F-11D3-BF4B-00C04F79EFBC}") = "Intent.MetadataSynchronizer.OpenApi.CLI", "Intent.MetadataSynchronizer.OpenApi.CLI\Intent.MetadataSynchronizer.OpenApi.CLI.csproj", "{9FFE0207-1FE4-458E-AF7D-DA09563BF1F8}"
EndProject
Project("{FAE04EC0-301F-11D3-BF4B-00C04F79EFBC}") = "Intent.MetadataSynchronizer.OpenApi.CLI.Tests", "Intent.MetadataSynchronizer.OpenApi.CLI.Tests\Intent.MetadataSynchronizer.OpenApi.CLI.Tests.csproj", "{287C109A-2CCC-49BD-8751-4AAD2A28A624}"
EndProject
Project("{FAE04EC0-301F-11D3-BF4B-00C04F79EFBC}") = "Intent.RelationalDbSchemaImporter.CLI", "Intent.RelationalDbSchemaImporter.CLI\Intent.RelationalDbSchemaImporter.CLI.csproj", "{CFC06753-BA2E-4844-BC2F-D0A146253EA1}"
EndProject
Project("{2150E333-8FDC-42A3-9474-1A3956D46DE8}") = "Modules", "Modules", "{5C31005F-A1A1-4612-B2EF-CFD1A3DE266B}"
EndProject
Project("{9A19103F-16F7-4668-BE54-9A1E7A4F7556}") = "Intent.Modules.OpenApi.Importer", "Intent.Modules.OpenApi.Importer\Intent.Modules.OpenApi.Importer.csproj", "{6A0DAF62-CF40-47D1-9A70-386B7A3E0A8C}"
EndProject
Project("{2150E333-8FDC-42A3-9474-1A3956D46DE8}") = "RelationalDbSchemaImporter", "RelationalDbSchemaImporter", "{48C8A411-F3BD-4278-A089-5F2115521276}"
EndProject
Project("{FAE04EC0-301F-11D3-BF4B-00C04F79EFBC}") = "Intent.RelationalDbSchemaImporter.Contracts", "Intent.RelationalDbSchemaImporter.Contracts\Intent.RelationalDbSchemaImporter.Contracts.csproj", "{EC571725-DE72-4B2F-AA2A-4EF36B460412}"
EndProject
Project("{FAE04EC0-301F-11D3-BF4B-00C04F79EFBC}") = "Intent.RelationalDbSchemaImporter.Tests", "Intent.RelationalDbSchemaImporter.Tests\Intent.RelationalDbSchemaImporter.Tests.csproj", "{5BE9EE08-4347-4F0C-A7F2-F5FC0DE340C1}"
EndProject
Project("{FAE04EC0-301F-11D3-BF4B-00C04F79EFBC}") = "Intent.RelationalDbSchemaImporter.Runner", "Intent.RelationalDbSchemaImporter.Runner\Intent.RelationalDbSchemaImporter.Runner.csproj", "{C24B7421-6089-4169-801E-6B434CB100E6}"
EndProject
Project("{9A19103F-16F7-4668-BE54-9A1E7A4F7556}") = "Intent.Modules.Rdbms.Importer", "Intent.Modules.Rdbms.Importer\Intent.Modules.Rdbms.Importer.csproj", "{4F82D79D-D5B5-4CC5-9AE3-5BF17B3A4BBD}"
EndProject
Project("{9A19103F-16F7-4668-BE54-9A1E7A4F7556}") = "Intent.Modules.Json.Importer", "Intent.Modules.Json.Importer\Intent.Modules.Json.Importer.csproj", "{6397897B-1ADB-4B01-BA55-D65F1E571FCE}"
EndProject
Project("{9A19103F-16F7-4668-BE54-9A1E7A4F7556}") = "Intent.Modules.CSharp.Importer", "Intent.Modules.CSharp.Importer\Intent.Modules.CSharp.Importer.csproj", "{4DC96601-03B4-477C-BC61-3BF0EB4A6AFD}"
EndProject
Project("{D954291E-2A0B-460D-934E-DC6B0785DB48}") = "Intent.Modules.Shared.FileImporter", "Intent.Modules.Shared.FileImporter\Intent.Modules.Shared.FileImporter.shproj", "{8A5B3463-F42B-4328-BA6B-7350DB970B84}"
EndProject
Project("{2150E333-8FDC-42A3-9474-1A3956D46DE8}") = "Tests", "Tests", "{7C30572E-A6F3-42A2-B09B-A4BE31D1720B}"
EndProject
Global
	GlobalSection(SolutionConfigurationPlatforms) = preSolution
		Debug|Any CPU = Debug|Any CPU
		Release|Any CPU = Release|Any CPU
	EndGlobalSection
	GlobalSection(ProjectConfigurationPlatforms) = postSolution
		{5FCD4F69-1170-49A5-ACFF-FA761098B928}.Debug|Any CPU.ActiveCfg = Debug|Any CPU
		{5FCD4F69-1170-49A5-ACFF-FA761098B928}.Debug|Any CPU.Build.0 = Debug|Any CPU
		{5FCD4F69-1170-49A5-ACFF-FA761098B928}.Release|Any CPU.ActiveCfg = Release|Any CPU
		{5FCD4F69-1170-49A5-ACFF-FA761098B928}.Release|Any CPU.Build.0 = Release|Any CPU
		{95BF8FB4-DE39-49EE-AEDF-2127B78E67FF}.Debug|Any CPU.ActiveCfg = Debug|Any CPU
		{95BF8FB4-DE39-49EE-AEDF-2127B78E67FF}.Debug|Any CPU.Build.0 = Debug|Any CPU
		{95BF8FB4-DE39-49EE-AEDF-2127B78E67FF}.Release|Any CPU.ActiveCfg = Release|Any CPU
		{95BF8FB4-DE39-49EE-AEDF-2127B78E67FF}.Release|Any CPU.Build.0 = Release|Any CPU
		{5E5DE5F0-C4F9-4501-8A43-23442C038A42}.Debug|Any CPU.ActiveCfg = Debug|Any CPU
		{5E5DE5F0-C4F9-4501-8A43-23442C038A42}.Debug|Any CPU.Build.0 = Debug|Any CPU
		{5E5DE5F0-C4F9-4501-8A43-23442C038A42}.Release|Any CPU.ActiveCfg = Release|Any CPU
		{5E5DE5F0-C4F9-4501-8A43-23442C038A42}.Release|Any CPU.Build.0 = Release|Any CPU
		{2DBAB0F4-C926-4A9F-8B08-F25D33724549}.Debug|Any CPU.ActiveCfg = Debug|Any CPU
		{2DBAB0F4-C926-4A9F-8B08-F25D33724549}.Debug|Any CPU.Build.0 = Debug|Any CPU
		{2DBAB0F4-C926-4A9F-8B08-F25D33724549}.Release|Any CPU.ActiveCfg = Release|Any CPU
		{2DBAB0F4-C926-4A9F-8B08-F25D33724549}.Release|Any CPU.Build.0 = Release|Any CPU
		{DD11F986-E6DA-4F9B-B0F0-D1C599934DEF}.Debug|Any CPU.ActiveCfg = Debug|Any CPU
		{DD11F986-E6DA-4F9B-B0F0-D1C599934DEF}.Debug|Any CPU.Build.0 = Debug|Any CPU
		{DD11F986-E6DA-4F9B-B0F0-D1C599934DEF}.Release|Any CPU.ActiveCfg = Release|Any CPU
		{DD11F986-E6DA-4F9B-B0F0-D1C599934DEF}.Release|Any CPU.Build.0 = Release|Any CPU
		{9FFE0207-1FE4-458E-AF7D-DA09563BF1F8}.Debug|Any CPU.ActiveCfg = Debug|Any CPU
		{9FFE0207-1FE4-458E-AF7D-DA09563BF1F8}.Debug|Any CPU.Build.0 = Debug|Any CPU
		{9FFE0207-1FE4-458E-AF7D-DA09563BF1F8}.Release|Any CPU.ActiveCfg = Release|Any CPU
		{9FFE0207-1FE4-458E-AF7D-DA09563BF1F8}.Release|Any CPU.Build.0 = Release|Any CPU
		{287C109A-2CCC-49BD-8751-4AAD2A28A624}.Debug|Any CPU.ActiveCfg = Debug|Any CPU
		{287C109A-2CCC-49BD-8751-4AAD2A28A624}.Debug|Any CPU.Build.0 = Debug|Any CPU
		{287C109A-2CCC-49BD-8751-4AAD2A28A624}.Release|Any CPU.ActiveCfg = Release|Any CPU
		{287C109A-2CCC-49BD-8751-4AAD2A28A624}.Release|Any CPU.Build.0 = Release|Any CPU
		{CFC06753-BA2E-4844-BC2F-D0A146253EA1}.Debug|Any CPU.ActiveCfg = Debug|Any CPU
		{CFC06753-BA2E-4844-BC2F-D0A146253EA1}.Debug|Any CPU.Build.0 = Debug|Any CPU
		{CFC06753-BA2E-4844-BC2F-D0A146253EA1}.Release|Any CPU.ActiveCfg = Release|Any CPU
		{CFC06753-BA2E-4844-BC2F-D0A146253EA1}.Release|Any CPU.Build.0 = Release|Any CPU
		{6A0DAF62-CF40-47D1-9A70-386B7A3E0A8C}.Debug|Any CPU.ActiveCfg = Debug|Any CPU
		{6A0DAF62-CF40-47D1-9A70-386B7A3E0A8C}.Debug|Any CPU.Build.0 = Debug|Any CPU
		{6A0DAF62-CF40-47D1-9A70-386B7A3E0A8C}.Release|Any CPU.ActiveCfg = Release|Any CPU
		{6A0DAF62-CF40-47D1-9A70-386B7A3E0A8C}.Release|Any CPU.Build.0 = Release|Any CPU
		{EC571725-DE72-4B2F-AA2A-4EF36B460412}.Debug|Any CPU.ActiveCfg = Debug|Any CPU
		{EC571725-DE72-4B2F-AA2A-4EF36B460412}.Debug|Any CPU.Build.0 = Debug|Any CPU
		{EC571725-DE72-4B2F-AA2A-4EF36B460412}.Release|Any CPU.ActiveCfg = Release|Any CPU
		{EC571725-DE72-4B2F-AA2A-4EF36B460412}.Release|Any CPU.Build.0 = Release|Any CPU
		{5BE9EE08-4347-4F0C-A7F2-F5FC0DE340C1}.Debug|Any CPU.ActiveCfg = Debug|Any CPU
		{5BE9EE08-4347-4F0C-A7F2-F5FC0DE340C1}.Debug|Any CPU.Build.0 = Debug|Any CPU
		{5BE9EE08-4347-4F0C-A7F2-F5FC0DE340C1}.Release|Any CPU.ActiveCfg = Release|Any CPU
		{5BE9EE08-4347-4F0C-A7F2-F5FC0DE340C1}.Release|Any CPU.Build.0 = Release|Any CPU
		{C24B7421-6089-4169-801E-6B434CB100E6}.Debug|Any CPU.ActiveCfg = Debug|Any CPU
		{C24B7421-6089-4169-801E-6B434CB100E6}.Debug|Any CPU.Build.0 = Debug|Any CPU
		{C24B7421-6089-4169-801E-6B434CB100E6}.Release|Any CPU.ActiveCfg = Release|Any CPU
		{C24B7421-6089-4169-801E-6B434CB100E6}.Release|Any CPU.Build.0 = Release|Any CPU
		{4F82D79D-D5B5-4CC5-9AE3-5BF17B3A4BBD}.Debug|Any CPU.ActiveCfg = Debug|Any CPU
		{4F82D79D-D5B5-4CC5-9AE3-5BF17B3A4BBD}.Debug|Any CPU.Build.0 = Debug|Any CPU
		{4F82D79D-D5B5-4CC5-9AE3-5BF17B3A4BBD}.Release|Any CPU.ActiveCfg = Release|Any CPU
		{4F82D79D-D5B5-4CC5-9AE3-5BF17B3A4BBD}.Release|Any CPU.Build.0 = Release|Any CPU
		{6397897B-1ADB-4B01-BA55-D65F1E571FCE}.Debug|Any CPU.ActiveCfg = Debug|Any CPU
		{6397897B-1ADB-4B01-BA55-D65F1E571FCE}.Debug|Any CPU.Build.0 = Debug|Any CPU
		{6397897B-1ADB-4B01-BA55-D65F1E571FCE}.Release|Any CPU.ActiveCfg = Release|Any CPU
		{6397897B-1ADB-4B01-BA55-D65F1E571FCE}.Release|Any CPU.Build.0 = Release|Any CPU
		{4DC96601-03B4-477C-BC61-3BF0EB4A6AFD}.Debug|Any CPU.ActiveCfg = Debug|Any CPU
		{4DC96601-03B4-477C-BC61-3BF0EB4A6AFD}.Debug|Any CPU.Build.0 = Debug|Any CPU
		{4DC96601-03B4-477C-BC61-3BF0EB4A6AFD}.Release|Any CPU.ActiveCfg = Release|Any CPU
		{4DC96601-03B4-477C-BC61-3BF0EB4A6AFD}.Release|Any CPU.Build.0 = Release|Any CPU
	EndGlobalSection
	GlobalSection(SolutionProperties) = preSolution
		HideSolutionNode = FALSE
	EndGlobalSection
	GlobalSection(NestedProjects) = preSolution
		{5FCD4F69-1170-49A5-ACFF-FA761098B928} = {4BDFA0CD-A767-4B6B-A0DC-32FFA660C12D}
		{95BF8FB4-DE39-49EE-AEDF-2127B78E67FF} = {4BDFA0CD-A767-4B6B-A0DC-32FFA660C12D}
		{5E5DE5F0-C4F9-4501-8A43-23442C038A42} = {4BDFA0CD-A767-4B6B-A0DC-32FFA660C12D}
		{2DBAB0F4-C926-4A9F-8B08-F25D33724549} = {4BDFA0CD-A767-4B6B-A0DC-32FFA660C12D}
		{DD11F986-E6DA-4F9B-B0F0-D1C599934DEF} = {4BDFA0CD-A767-4B6B-A0DC-32FFA660C12D}
		{9FFE0207-1FE4-458E-AF7D-DA09563BF1F8} = {4BDFA0CD-A767-4B6B-A0DC-32FFA660C12D}
		{287C109A-2CCC-49BD-8751-4AAD2A28A624} = {4BDFA0CD-A767-4B6B-A0DC-32FFA660C12D}
		{CFC06753-BA2E-4844-BC2F-D0A146253EA1} = {48C8A411-F3BD-4278-A089-5F2115521276}
		{6A0DAF62-CF40-47D1-9A70-386B7A3E0A8C} = {5C31005F-A1A1-4612-B2EF-CFD1A3DE266B}
		{EC571725-DE72-4B2F-AA2A-4EF36B460412} = {48C8A411-F3BD-4278-A089-5F2115521276}
		{C24B7421-6089-4169-801E-6B434CB100E6} = {48C8A411-F3BD-4278-A089-5F2115521276}
		{4F82D79D-D5B5-4CC5-9AE3-5BF17B3A4BBD} = {5C31005F-A1A1-4612-B2EF-CFD1A3DE266B}
		{6397897B-1ADB-4B01-BA55-D65F1E571FCE} = {5C31005F-A1A1-4612-B2EF-CFD1A3DE266B}
		{4DC96601-03B4-477C-BC61-3BF0EB4A6AFD} = {5C31005F-A1A1-4612-B2EF-CFD1A3DE266B}
		{8A5B3463-F42B-4328-BA6B-7350DB970B84} = {5C31005F-A1A1-4612-B2EF-CFD1A3DE266B}
		{5BE9EE08-4347-4F0C-A7F2-F5FC0DE340C1} = {7C30572E-A6F3-42A2-B09B-A4BE31D1720B}
	EndGlobalSection
	GlobalSection(ExtensibilityGlobals) = postSolution
		SolutionGuid = {9B661C11-ED67-4FAD-BEC8-A58CC9C9EF8E}
	EndGlobalSection
	GlobalSection(SharedMSBuildProjectFiles) = preSolution
		Intent.Modules.Shared.FileImporter\Intent.Modules.Shared.FileImporter.projitems*{4dc96601-03b4-477c-bc61-3bf0eb4a6afd}*SharedItemsImports = 5
		Intent.Modules.Shared.FileImporter\Intent.Modules.Shared.FileImporter.projitems*{8a5b3463-f42b-4328-ba6b-7350db970b84}*SharedItemsImports = 13
	EndGlobalSection
EndGlobal
